// !$*UTF8*$!
{
	archiveVersion = 1;
	classes = {
	};
	objectVersion = 56;
	objects = {

/* Begin PBXBuildFile section */
		6313F0AB178DCB1C52CF90B6 /* Pods_FacebookClone.framework in Frameworks */ = {isa = PBXBuildFile; fileRef = 744562E158C098EDC194BCA1 /* Pods_FacebookClone.framework */; };
		8BFF93CF2C5B1C760059D12E /* AppDelegate.swift in Sources */ = {isa = PBXBuildFile; fileRef = 8BFF93CE2C5B1C760059D12E /* AppDelegate.swift */; };
		8BFF93D12C5B1C760059D12E /* SceneDelegate.swift in Sources */ = {isa = PBXBuildFile; fileRef = 8BFF93D02C5B1C760059D12E /* SceneDelegate.swift */; };
		8BFF93D32C5B1C760059D12E /* ViewController.swift in Sources */ = {isa = PBXBuildFile; fileRef = 8BFF93D22C5B1C760059D12E /* ViewController.swift */; };
		8BFF93D62C5B1C760059D12E /* Base in Resources */ = {isa = PBXBuildFile; fileRef = 8BFF93D52C5B1C760059D12E /* Base */; };
		8BFF93D82C5B1C780059D12E /* Assets.xcassets in Resources */ = {isa = PBXBuildFile; fileRef = 8BFF93D72C5B1C780059D12E /* Assets.xcassets */; };
		8BFF93DB2C5B1C780059D12E /* Base in Resources */ = {isa = PBXBuildFile; fileRef = 8BFF93DA2C5B1C780059D12E /* Base */; };
		8BFF93E32C5B2BC70059D12E /* Home.storyboard in Resources */ = {isa = PBXBuildFile; fileRef = 8BFF93E22C5B2BC70059D12E /* Home.storyboard */; };
		8BFF93E82C5BB6070059D12E /* HomeController.swift in Sources */ = {isa = PBXBuildFile; fileRef = 8BFF93E72C5BB6070059D12E /* HomeController.swift */; };
		8BFF93EC2C5C09750059D12E /* TweetTableViewCell.xib in Resources */ = {isa = PBXBuildFile; fileRef = 8BFF93EB2C5C09750059D12E /* TweetTableViewCell.xib */; };
		8BFF93ED2C5C09750059D12E /* TweetTableViewCell.swift in Sources */ = {isa = PBXBuildFile; fileRef = 8BFF93EA2C5C09750059D12E /* TweetTableViewCell.swift */; };
		8BFF93EF2C5C9CB40059D12E /* HelpViewController.swift in Sources */ = {isa = PBXBuildFile; fileRef = 8BFF93EE2C5C9CB40059D12E /* HelpViewController.swift */; };
/* End PBXBuildFile section */

/* Begin PBXFileReference section */
		744562E158C098EDC194BCA1 /* Pods_FacebookClone.framework */ = {isa = PBXFileReference; explicitFileType = wrapper.framework; includeInIndex = 0; path = Pods_FacebookClone.framework; sourceTree = BUILT_PRODUCTS_DIR; };
		8BFF93CB2C5B1C760059D12E /* FacebookClone.app */ = {isa = PBXFileReference; explicitFileType = wrapper.application; includeInIndex = 0; path = FacebookClone.app; sourceTree = BUILT_PRODUCTS_DIR; };
		8BFF93CE2C5B1C760059D12E /* AppDelegate.swift */ = {isa = PBXFileReference; lastKnownFileType = sourcecode.swift; path = AppDelegate.swift; sourceTree = "<group>"; };
		8BFF93D02C5B1C760059D12E /* SceneDelegate.swift */ = {isa = PBXFileReference; lastKnownFileType = sourcecode.swift; path = SceneDelegate.swift; sourceTree = "<group>"; };
		8BFF93D22C5B1C760059D12E /* ViewController.swift */ = {isa = PBXFileReference; lastKnownFileType = sourcecode.swift; path = ViewController.swift; sourceTree = "<group>"; };
		8BFF93D52C5B1C760059D12E /* Base */ = {isa = PBXFileReference; lastKnownFileType = file.storyboard; name = Base; path = Base.lproj/Main.storyboard; sourceTree = "<group>"; };
		8BFF93D72C5B1C780059D12E /* Assets.xcassets */ = {isa = PBXFileReference; lastKnownFileType = folder.assetcatalog; path = Assets.xcassets; sourceTree = "<group>"; };
		8BFF93DA2C5B1C780059D12E /* Base */ = {isa = PBXFileReference; lastKnownFileType = file.storyboard; name = Base; path = Base.lproj/LaunchScreen.storyboard; sourceTree = "<group>"; };
		8BFF93DC2C5B1C780059D12E /* Info.plist */ = {isa = PBXFileReference; lastKnownFileType = text.plist.xml; path = Info.plist; sourceTree = "<group>"; };
		8BFF93E22C5B2BC70059D12E /* Home.storyboard */ = {isa = PBXFileReference; lastKnownFileType = file.storyboard; path = Home.storyboard; sourceTree = "<group>"; };
		8BFF93E72C5BB6070059D12E /* HomeController.swift */ = {isa = PBXFileReference; lastKnownFileType = sourcecode.swift; path = HomeController.swift; sourceTree = "<group>"; };
		8BFF93EA2C5C09750059D12E /* TweetTableViewCell.swift */ = {isa = PBXFileReference; lastKnownFileType = sourcecode.swift; path = TweetTableViewCell.swift; sourceTree = "<group>"; };
		8BFF93EB2C5C09750059D12E /* TweetTableViewCell.xib */ = {isa = PBXFileReference; lastKnownFileType = file.xib; path = TweetTableViewCell.xib; sourceTree = "<group>"; };
		8BFF93EE2C5C9CB40059D12E /* HelpViewController.swift */ = {isa = PBXFileReference; lastKnownFileType = sourcecode.swift; path = HelpViewController.swift; sourceTree = "<group>"; };
		CB759F519B54D25EDA190176 /* Pods-FacebookClone.release.xcconfig */ = {isa = PBXFileReference; includeInIndex = 1; lastKnownFileType = text.xcconfig; name = "Pods-FacebookClone.release.xcconfig"; path = "Target Support Files/Pods-FacebookClone/Pods-FacebookClone.release.xcconfig"; sourceTree = "<group>"; };
		EA5D89CC1058DDC6C80F269C /* Pods-FacebookClone.debug.xcconfig */ = {isa = PBXFileReference; includeInIndex = 1; lastKnownFileType = text.xcconfig; name = "Pods-FacebookClone.debug.xcconfig"; path = "Target Support Files/Pods-FacebookClone/Pods-FacebookClone.debug.xcconfig"; sourceTree = "<group>"; };
/* End PBXFileReference section */

/* Begin PBXFrameworksBuildPhase section */
		8BFF93C82C5B1C760059D12E /* Frameworks */ = {
			isa = PBXFrameworksBuildPhase;
			buildActionMask = 2147483647;
			files = (
				6313F0AB178DCB1C52CF90B6 /* Pods_FacebookClone.framework in Frameworks */,
			);
			runOnlyForDeploymentPostprocessing = 0;
		};
/* End PBXFrameworksBuildPhase section */

/* Begin PBXGroup section */
		2333008BCC5FAB0C057221AA /* Pods */ = {
			isa = PBXGroup;
			children = (
				EA5D89CC1058DDC6C80F269C /* Pods-FacebookClone.debug.xcconfig */,
				CB759F519B54D25EDA190176 /* Pods-FacebookClone.release.xcconfig */,
			);
			path = Pods;
			sourceTree = "<group>";
		};
		8BFF93C22C5B1C760059D12E = {
			isa = PBXGroup;
			children = (
				8BFF93CD2C5B1C760059D12E /* FacebookClone */,
				8BFF93CC2C5B1C760059D12E /* Products */,
				2333008BCC5FAB0C057221AA /* Pods */,
				FD6DC9FB2775A6C3992EC487 /* Frameworks */,
			);
			sourceTree = "<group>";
		};
		8BFF93CC2C5B1C760059D12E /* Products */ = {
			isa = PBXGroup;
			children = (
				8BFF93CB2C5B1C760059D12E /* FacebookClone.app */,
			);
			name = Products;
			sourceTree = "<group>";
		};
		8BFF93CD2C5B1C760059D12E /* FacebookClone */ = {
			isa = PBXGroup;
			children = (
				8BFF93E92C5C07A70059D12E /* Cells */,
				8BFF93E62C5BB5B50059D12E /* Models */,
				8BFF93E52C5BB5AA0059D12E /* Controllers */,
				8BFF93E42C5BB5A20059D12E /* Views */,
				8BFF93CE2C5B1C760059D12E /* AppDelegate.swift */,
				8BFF93D02C5B1C760059D12E /* SceneDelegate.swift */,
				8BFF93D72C5B1C780059D12E /* Assets.xcassets */,
				8BFF93D92C5B1C780059D12E /* LaunchScreen.storyboard */,
				8BFF93DC2C5B1C780059D12E /* Info.plist */,
			);
			path = FacebookClone;
			sourceTree = "<group>";
		};
		8BFF93E42C5BB5A20059D12E /* Views */ = {
			isa = PBXGroup;
			children = (
				8BFF93E22C5B2BC70059D12E /* Home.storyboard */,
				8BFF93D42C5B1C760059D12E /* Main.storyboard */,
			);
			path = Views;
			sourceTree = "<group>";
		};
		8BFF93E52C5BB5AA0059D12E /* Controllers */ = {
			isa = PBXGroup;
			children = (
				8BFF93D22C5B1C760059D12E /* ViewController.swift */,
				8BFF93E72C5BB6070059D12E /* HomeController.swift */,
				8BFF93EE2C5C9CB40059D12E /* HelpViewController.swift */,
			);
			path = Controllers;
			sourceTree = "<group>";
		};
		8BFF93E62C5BB5B50059D12E /* Models */ = {
			isa = PBXGroup;
			children = (
			);
			path = Models;
			sourceTree = "<group>";
		};
		8BFF93E92C5C07A70059D12E /* Cells */ = {
			isa = PBXGroup;
			children = (
				8BFF93EA2C5C09750059D12E /* TweetTableViewCell.swift */,
				8BFF93EB2C5C09750059D12E /* TweetTableViewCell.xib */,
			);
			path = Cells;
			sourceTree = "<group>";
		};
		FD6DC9FB2775A6C3992EC487 /* Frameworks */ = {
			isa = PBXGroup;
			children = (
				744562E158C098EDC194BCA1 /* Pods_FacebookClone.framework */,
			);
			name = Frameworks;
			sourceTree = "<group>";
		};
/* End PBXGroup section */

/* Begin PBXNativeTarget section */
		8BFF93CA2C5B1C760059D12E /* FacebookClone */ = {
			isa = PBXNativeTarget;
			buildConfigurationList = 8BFF93DF2C5B1C780059D12E /* Build configuration list for PBXNativeTarget "FacebookClone" */;
			buildPhases = (
				770893233E67299EDBA6950F /* [CP] Check Pods Manifest.lock */,
				8BFF93C72C5B1C760059D12E /* Sources */,
				8BFF93C82C5B1C760059D12E /* Frameworks */,
				8BFF93C92C5B1C760059D12E /* Resources */,
				C7DFD40D7EDE835065EFD037 /* [CP] Embed Pods Frameworks */,
			);
			buildRules = (
			);
			dependencies = (
			);
			name = FacebookClone;
			productName = FacebookClone;
			productReference = 8BFF93CB2C5B1C760059D12E /* FacebookClone.app */;
			productType = "com.apple.product-type.application";
		};
/* End PBXNativeTarget section */

/* Begin PBXProject section */
		8BFF93C32C5B1C760059D12E /* Project object */ = {
			isa = PBXProject;
			attributes = {
				BuildIndependentTargetsInParallel = 1;
				LastSwiftUpdateCheck = 1540;
				LastUpgradeCheck = 1540;
				TargetAttributes = {
					8BFF93CA2C5B1C760059D12E = {
						CreatedOnToolsVersion = 15.4;
					};
				};
			};
			buildConfigurationList = 8BFF93C62C5B1C760059D12E /* Build configuration list for PBXProject "FacebookClone" */;
			compatibilityVersion = "Xcode 14.0";
			developmentRegion = en;
			hasScannedForEncodings = 0;
			knownRegions = (
				en,
				Base,
			);
			mainGroup = 8BFF93C22C5B1C760059D12E;
			productRefGroup = 8BFF93CC2C5B1C760059D12E /* Products */;
			projectDirPath = "";
			projectRoot = "";
			targets = (
				8BFF93CA2C5B1C760059D12E /* FacebookClone */,
			);
		};
/* End PBXProject section */

/* Begin PBXResourcesBuildPhase section */
		8BFF93C92C5B1C760059D12E /* Resources */ = {
			isa = PBXResourcesBuildPhase;
			buildActionMask = 2147483647;
			files = (
				8BFF93EC2C5C09750059D12E /* TweetTableViewCell.xib in Resources */,
				8BFF93D82C5B1C780059D12E /* Assets.xcassets in Resources */,
				8BFF93DB2C5B1C780059D12E /* Base in Resources */,
				8BFF93D62C5B1C760059D12E /* Base in Resources */,
				8BFF93E32C5B2BC70059D12E /* Home.storyboard in Resources */,
			);
			runOnlyForDeploymentPostprocessing = 0;
		};
/* End PBXResourcesBuildPhase section */

/* Begin PBXShellScriptBuildPhase section */
		770893233E67299EDBA6950F /* [CP] Check Pods Manifest.lock */ = {
			isa = PBXShellScriptBuildPhase;
			buildActionMask = 2147483647;
			files = (
			);
			inputFileListPaths = (
			);
			inputPaths = (
				"${PODS_PODFILE_DIR_PATH}/Podfile.lock",
				"${PODS_ROOT}/Manifest.lock",
			);
			name = "[CP] Check Pods Manifest.lock";
			outputFileListPaths = (
			);
			outputPaths = (
				"$(DERIVED_FILE_DIR)/Pods-FacebookClone-checkManifestLockResult.txt",
			);
			runOnlyForDeploymentPostprocessing = 0;
			shellPath = /bin/sh;
			shellScript = "diff \"${PODS_PODFILE_DIR_PATH}/Podfile.lock\" \"${PODS_ROOT}/Manifest.lock\" > /dev/null\nif [ $? != 0 ] ; then\n    # print error to STDERR\n    echo \"error: The sandbox is not in sync with the Podfile.lock. Run 'pod install' or update your CocoaPods installation.\" >&2\n    exit 1\nfi\n# This output is used by Xcode 'outputs' to avoid re-running this script phase.\necho \"SUCCESS\" > \"${SCRIPT_OUTPUT_FILE_0}\"\n";
			showEnvVarsInLog = 0;
		};
		C7DFD40D7EDE835065EFD037 /* [CP] Embed Pods Frameworks */ = {
			isa = PBXShellScriptBuildPhase;
			buildActionMask = 2147483647;
			files = (
			);
			inputFileListPaths = (
				"${PODS_ROOT}/Target Support Files/Pods-FacebookClone/Pods-FacebookClone-frameworks-${CONFIGURATION}-input-files.xcfilelist",
			);
			name = "[CP] Embed Pods Frameworks";
			outputFileListPaths = (
				"${PODS_ROOT}/Target Support Files/Pods-FacebookClone/Pods-FacebookClone-frameworks-${CONFIGURATION}-output-files.xcfilelist",
			);
			runOnlyForDeploymentPostprocessing = 0;
			shellPath = /bin/sh;
			shellScript = "\"${PODS_ROOT}/Target Support Files/Pods-FacebookClone/Pods-FacebookClone-frameworks.sh\"\n";
			showEnvVarsInLog = 0;
		};
/* End PBXShellScriptBuildPhase section */

/* Begin PBXSourcesBuildPhase section */
		8BFF93C72C5B1C760059D12E /* Sources */ = {
			isa = PBXSourcesBuildPhase;
			buildActionMask = 2147483647;
			files = (
				8BFF93E82C5BB6070059D12E /* HomeController.swift in Sources */,
				8BFF93EF2C5C9CB40059D12E /* HelpViewController.swift in Sources */,
				8BFF93D32C5B1C760059D12E /* ViewController.swift in Sources */,
				8BFF93CF2C5B1C760059D12E /* AppDelegate.swift in Sources */,
				8BFF93ED2C5C09750059D12E /* TweetTableViewCell.swift in Sources */,
				8BFF93D12C5B1C760059D12E /* SceneDelegate.swift in Sources */,
			);
			runOnlyForDeploymentPostprocessing = 0;
		};
/* End PBXSourcesBuildPhase section */

/* Begin PBXVariantGroup section */
		8BFF93D42C5B1C760059D12E /* Main.storyboard */ = {
			isa = PBXVariantGroup;
			children = (
				8BFF93D52C5B1C760059D12E /* Base */,
			);
			name = Main.storyboard;
			sourceTree = "<group>";
		};
		8BFF93D92C5B1C780059D12E /* LaunchScreen.storyboard */ = {
			isa = PBXVariantGroup;
			children = (
				8BFF93DA2C5B1C780059D12E /* Base */,
			);
			name = LaunchScreen.storyboard;
			sourceTree = "<group>";
		};
/* End PBXVariantGroup section */

/* Begin XCBuildConfiguration section */
		8BFF93DD2C5B1C780059D12E /* Debug */ = {
			isa = XCBuildConfiguration;
			buildSettings = {
				ALWAYS_SEARCH_USER_PATHS = NO;
				ASSETCATALOG_COMPILER_GENERATE_SWIFT_ASSET_SYMBOL_EXTENSIONS = YES;
				CLANG_ANALYZER_NONNULL = YES;
				CLANG_ANALYZER_NUMBER_OBJECT_CONVERSION = YES_AGGRESSIVE;
				CLANG_CXX_LANGUAGE_STANDARD = "gnu++20";
				CLANG_ENABLE_MODULES = YES;
				CLANG_ENABLE_OBJC_ARC = YES;
				CLANG_ENABLE_OBJC_WEAK = YES;
				CLANG_WARN_BLOCK_CAPTURE_AUTORELEASING = YES;
				CLANG_WARN_BOOL_CONVERSION = YES;
				CLANG_WARN_COMMA = YES;
				CLANG_WARN_CONSTANT_CONVERSION = YES;
				CLANG_WARN_DEPRECATED_OBJC_IMPLEMENTATIONS = YES;
				CLANG_WARN_DIRECT_OBJC_ISA_USAGE = YES_ERROR;
				CLANG_WARN_DOCUMENTATION_COMMENTS = YES;
				CLANG_WARN_EMPTY_BODY = YES;
				CLANG_WARN_ENUM_CONVERSION = YES;
				CLANG_WARN_INFINITE_RECURSION = YES;
				CLANG_WARN_INT_CONVERSION = YES;
				CLANG_WARN_NON_LITERAL_NULL_CONVERSION = YES;
				CLANG_WARN_OBJC_IMPLICIT_RETAIN_SELF = YES;
				CLANG_WARN_OBJC_LITERAL_CONVERSION = YES;
				CLANG_WARN_OBJC_ROOT_CLASS = YES_ERROR;
				CLANG_WARN_QUOTED_INCLUDE_IN_FRAMEWORK_HEADER = YES;
				CLANG_WARN_RANGE_LOOP_ANALYSIS = YES;
				CLANG_WARN_STRICT_PROTOTYPES = YES;
				CLANG_WARN_SUSPICIOUS_MOVE = YES;
				CLANG_WARN_UNGUARDED_AVAILABILITY = YES_AGGRESSIVE;
				CLANG_WARN_UNREACHABLE_CODE = YES;
				CLANG_WARN__DUPLICATE_METHOD_MATCH = YES;
				COPY_PHASE_STRIP = NO;
				DEBUG_INFORMATION_FORMAT = dwarf;
				ENABLE_STRICT_OBJC_MSGSEND = YES;
				ENABLE_TESTABILITY = YES;
				ENABLE_USER_SCRIPT_SANDBOXING = YES;
				GCC_C_LANGUAGE_STANDARD = gnu17;
				GCC_DYNAMIC_NO_PIC = NO;
				GCC_NO_COMMON_BLOCKS = YES;
				GCC_OPTIMIZATION_LEVEL = 0;
				GCC_PREPROCESSOR_DEFINITIONS = (
					"DEBUG=1",
					"$(inherited)",
				);
				GCC_WARN_64_TO_32_BIT_CONVERSION = YES;
				GCC_WARN_ABOUT_RETURN_TYPE = YES_ERROR;
				GCC_WARN_UNDECLARED_SELECTOR = YES;
				GCC_WARN_UNINITIALIZED_AUTOS = YES_AGGRESSIVE;
				GCC_WARN_UNUSED_FUNCTION = YES;
				GCC_WARN_UNUSED_VARIABLE = YES;
				IPHONEOS_DEPLOYMENT_TARGET = 17.5;
				LOCALIZATION_PREFERS_STRING_CATALOGS = YES;
				MTL_ENABLE_DEBUG_INFO = INCLUDE_SOURCE;
				MTL_FAST_MATH = YES;
				ONLY_ACTIVE_ARCH = YES;
				SDKROOT = iphoneos;
				SWIFT_ACTIVE_COMPILATION_CONDITIONS = "DEBUG $(inherited)";
				SWIFT_OPTIMIZATION_LEVEL = "-Onone";
			};
			name = Debug;
		};
		8BFF93DE2C5B1C780059D12E /* Release */ = {
			isa = XCBuildConfiguration;
			buildSettings = {
				ALWAYS_SEARCH_USER_PATHS = NO;
				ASSETCATALOG_COMPILER_GENERATE_SWIFT_ASSET_SYMBOL_EXTENSIONS = YES;
				CLANG_ANALYZER_NONNULL = YES;
				CLANG_ANALYZER_NUMBER_OBJECT_CONVERSION = YES_AGGRESSIVE;
				CLANG_CXX_LANGUAGE_STANDARD = "gnu++20";
				CLANG_ENABLE_MODULES = YES;
				CLANG_ENABLE_OBJC_ARC = YES;
				CLANG_ENABLE_OBJC_WEAK = YES;
				CLANG_WARN_BLOCK_CAPTURE_AUTORELEASING = YES;
				CLANG_WARN_BOOL_CONVERSION = YES;
				CLANG_WARN_COMMA = YES;
				CLANG_WARN_CONSTANT_CONVERSION = YES;
				CLANG_WARN_DEPRECATED_OBJC_IMPLEMENTATIONS = YES;
				CLANG_WARN_DIRECT_OBJC_ISA_USAGE = YES_ERROR;
				CLANG_WARN_DOCUMENTATION_COMMENTS = YES;
				CLANG_WARN_EMPTY_BODY = YES;
				CLANG_WARN_ENUM_CONVERSION = YES;
				CLANG_WARN_INFINITE_RECURSION = YES;
				CLANG_WARN_INT_CONVERSION = YES;
				CLANG_WARN_NON_LITERAL_NULL_CONVERSION = YES;
				CLANG_WARN_OBJC_IMPLICIT_RETAIN_SELF = YES;
				CLANG_WARN_OBJC_LITERAL_CONVERSION = YES;
				CLANG_WARN_OBJC_ROOT_CLASS = YES_ERROR;
				CLANG_WARN_QUOTED_INCLUDE_IN_FRAMEWORK_HEADER = YES;
				CLANG_WARN_RANGE_LOOP_ANALYSIS = YES;
				CLANG_WARN_STRICT_PROTOTYPES = YES;
				CLANG_WARN_SUSPICIOUS_MOVE = YES;
				CLANG_WARN_UNGUARDED_AVAILABILITY = YES_AGGRESSIVE;
				CLANG_WARN_UNREACHABLE_CODE = YES;
				CLANG_WARN__DUPLICATE_METHOD_MATCH = YES;
				COPY_PHASE_STRIP = NO;
				DEBUG_INFORMATION_FORMAT = "dwarf-with-dsym";
				ENABLE_NS_ASSERTIONS = NO;
				ENABLE_STRICT_OBJC_MSGSEND = YES;
				ENABLE_USER_SCRIPT_SANDBOXING = YES;
				GCC_C_LANGUAGE_STANDARD = gnu17;
				GCC_NO_COMMON_BLOCKS = YES;
				GCC_WARN_64_TO_32_BIT_CONVERSION = YES;
				GCC_WARN_ABOUT_RETURN_TYPE = YES_ERROR;
				GCC_WARN_UNDECLARED_SELECTOR = YES;
				GCC_WARN_UNINITIALIZED_AUTOS = YES_AGGRESSIVE;
				GCC_WARN_UNUSED_FUNCTION = YES;
				GCC_WARN_UNUSED_VARIABLE = YES;
				IPHONEOS_DEPLOYMENT_TARGET = 17.5;
				LOCALIZATION_PREFERS_STRING_CATALOGS = YES;
				MTL_ENABLE_DEBUG_INFO = NO;
				MTL_FAST_MATH = YES;
				SDKROOT = iphoneos;
				SWIFT_COMPILATION_MODE = wholemodule;
				VALIDATE_PRODUCT = YES;
			};
			name = Release;
		};
		8BFF93E02C5B1C780059D12E /* Debug */ = {
			isa = XCBuildConfiguration;
			baseConfigurationReference = EA5D89CC1058DDC6C80F269C /* Pods-FacebookClone.debug.xcconfig */;
			buildSettings = {
				ASSETCATALOG_COMPILER_APPICON_NAME = AppIcon;
				ASSETCATALOG_COMPILER_GLOBAL_ACCENT_COLOR_NAME = AccentColor;
				CODE_SIGN_STYLE = Automatic;
				CURRENT_PROJECT_VERSION = 1;
				DEVELOPMENT_TEAM = XH6RTA62K4;
				ENABLE_USER_SCRIPT_SANDBOXING = NO;
				GENERATE_INFOPLIST_FILE = YES;
				INFOPLIST_FILE = FacebookClone/Info.plist;
				INFOPLIST_KEY_UIApplicationSupportsIndirectInputEvents = YES;
				INFOPLIST_KEY_UILaunchStoryboardName = LaunchScreen;
				INFOPLIST_KEY_UIMainStoryboardFile = Main;
				INFOPLIST_KEY_UISupportedInterfaceOrientations_iPad = "UIInterfaceOrientationPortrait UIInterfaceOrientationPortraitUpsideDown UIInterfaceOrientationLandscapeLeft UIInterfaceOrientationLandscapeRight";
				INFOPLIST_KEY_UISupportedInterfaceOrientations_iPhone = "UIInterfaceOrientationPortrait UIInterfaceOrientationLandscapeLeft UIInterfaceOrientationLandscapeRight";
				LD_RUNPATH_SEARCH_PATHS = (
					"$(inherited)",
					"@executable_path/Frameworks",
				);
				MARKETING_VERSION = 1.0;
				PRODUCT_BUNDLE_IDENTIFIER = com.lavozdelgeek.FacebookClone;
				PRODUCT_NAME = "$(TARGET_NAME)";
				SWIFT_EMIT_LOC_STRINGS = YES;
				SWIFT_VERSION = 5.0;
				TARGETED_DEVICE_FAMILY = "1,2";
			};
			name = Debug;
		};
		8BFF93E12C5B1C780059D12E /* Release */ = {
			isa = XCBuildConfiguration;
			baseConfigurationReference = CB759F519B54D25EDA190176 /* Pods-FacebookClone.release.xcconfig */;
			buildSettings = {
				ASSETCATALOG_COMPILER_APPICON_NAME = AppIcon;
				ASSETCATALOG_COMPILER_GLOBAL_ACCENT_COLOR_NAME = AccentColor;
				CODE_SIGN_STYLE = Automatic;
				CURRENT_PROJECT_VERSION = 1;
				DEVELOPMENT_TEAM = XH6RTA62K4;
				ENABLE_USER_SCRIPT_SANDBOXING = NO;
				GENERATE_INFOPLIST_FILE = YES;
				INFOPLIST_FILE = FacebookClone/Info.plist;
				INFOPLIST_KEY_UIApplicationSupportsIndirectInputEvents = YES;
				INFOPLIST_KEY_UILaunchStoryboardName = LaunchScreen;
				INFOPLIST_KEY_UIMainStoryboardFile = Main;
				INFOPLIST_KEY_UISupportedInterfaceOrientations_iPad = "UIInterfaceOrientationPortrait UIInterfaceOrientationPortraitUpsideDown UIInterfaceOrientationLandscapeLeft UIInterfaceOrientationLandscapeRight";
				INFOPLIST_KEY_UISupportedInterfaceOrientations_iPhone = "UIInterfaceOrientationPortrait UIInterfaceOrientationLandscapeLeft UIInterfaceOrientationLandscapeRight";
				LD_RUNPATH_SEARCH_PATHS = (
					"$(inherited)",
					"@executable_path/Frameworks",
				);
				MARKETING_VERSION = 1.0;
				PRODUCT_BUNDLE_IDENTIFIER = com.lavozdelgeek.FacebookClone;
				PRODUCT_NAME = "$(TARGET_NAME)";
				SWIFT_EMIT_LOC_STRINGS = YES;
				SWIFT_VERSION = 5.0;
				TARGETED_DEVICE_FAMILY = "1,2";
			};
			name = Release;
		};
/* End XCBuildConfiguration section */

/* Begin XCConfigurationList section */
		8BFF93C62C5B1C760059D12E /* Build configuration list for PBXProject "FacebookClone" */ = {
			isa = XCConfigurationList;
			buildConfigurations = (
				8BFF93DD2C5B1C780059D12E /* Debug */,
				8BFF93DE2C5B1C780059D12E /* Release */,
			);
			defaultConfigurationIsVisible = 0;
			defaultConfigurationName = Release;
		};
		8BFF93DF2C5B1C780059D12E /* Build configuration list for PBXNativeTarget "FacebookClone" */ = {
			isa = XCConfigurationList;
			buildConfigurations = (
				8BFF93E02C5B1C780059D12E /* Debug */,
				8BFF93E12C5B1C780059D12E /* Release */,
			);
			defaultConfigurationIsVisible = 0;
			defaultConfigurationName = Release;
		};
/* End XCConfigurationList section */
	};
	rootObject = 8BFF93C32C5B1C760059D12E /* Project object */;
}
